
Microsoft Visual Studio Solution File, Format Version 12.00
# Visual Studio Version 18
VisualStudioVersion = 18.0.11201.2
MinimumVisualStudioVersion = 10.0.40219.1
Project("{FAE04EC0-301F-11D3-BF4B-00C04F79EFBC}") = "RSession", "src\RSession.csproj", "{FF469060-2A5D-EE11-1870-AD6223F812B2}"
EndProject
Project("{FAE04EC0-301F-11D3-BF4B-00C04F79EFBC}") = "RSession.Shared", "RSession.Shared\RSession.Shared.csproj", "{640B8FD8-CEB4-A213-DA72-D43793BA463E}"
EndProject
Project("{FAE04EC0-301F-11D3-BF4B-00C04F79EFBC}") = "RLogger", "RLogger\src\RLogger.csproj", "{11395FA6-2403-93CF-31B6-DC4175D0A13D}"
EndProject
Project("{FAE04EC0-301F-11D3-BF4B-00C04F79EFBC}") = "managed", "..\swiftlys2\managed\managed.csproj", "{6C74E357-EC56-AF17-985B-31CB0FCEC337}"
EndProject
Project("{FAE04EC0-301F-11D3-BF4B-00C04F79EFBC}") = "RSession.Messages", "RSession.Messages\RSession.Messages.csproj", "{F9398443-B30A-9A5E-0981-6949F0799A03}"
EndProject
Project("{FAE04EC0-301F-11D3-BF4B-00C04F79EFBC}") = "RSession.Aliases", "RSession.Aliases\RSession.Aliases.csproj", "{0C162EBC-CB9B-CB4B-EA4A-11210F82F2DB}"
EndProject
Project("{FAE04EC0-301F-11D3-BF4B-00C04F79EFBC}") = "RSession.Played", "RSession.Played\RSession.Played.csproj", "{FEBFE5AB-678D-FFDE-3B5A-0A8663615737}"
EndProject
Project("{FAE04EC0-301F-11D3-BF4B-00C04F79EFBC}") = "RSession.Maps", "RSession.Maps\RSession.Maps.csproj", "{B81513A0-2F26-FF0F-8419-BF655AD42867}"
EndProject
Global
	GlobalSection(SolutionConfigurationPlatforms) = preSolution
		Debug|Any CPU = Debug|Any CPU
		Release|Any CPU = Release|Any CPU
	EndGlobalSection
	GlobalSection(ProjectConfigurationPlatforms) = postSolution
		{FF469060-2A5D-EE11-1870-AD6223F812B2}.Debug|Any CPU.ActiveCfg = Debug|Any CPU
		{FF469060-2A5D-EE11-1870-AD6223F812B2}.Debug|Any CPU.Build.0 = Debug|Any CPU
		{FF469060-2A5D-EE11-1870-AD6223F812B2}.Release|Any CPU.ActiveCfg = Release|Any CPU
		{FF469060-2A5D-EE11-1870-AD6223F812B2}.Release|Any CPU.Build.0 = Release|Any CPU
		{640B8FD8-CEB4-A213-DA72-D43793BA463E}.Debug|Any CPU.ActiveCfg = Debug|Any CPU
		{640B8FD8-CEB4-A213-DA72-D43793BA463E}.Debug|Any CPU.Build.0 = Debug|Any CPU
		{640B8FD8-CEB4-A213-DA72-D43793BA463E}.Release|Any CPU.ActiveCfg = Release|Any CPU
		{640B8FD8-CEB4-A213-DA72-D43793BA463E}.Release|Any CPU.Build.0 = Release|Any CPU
		{11395FA6-2403-93CF-31B6-DC4175D0A13D}.Debug|Any CPU.ActiveCfg = Debug|Any CPU
		{11395FA6-2403-93CF-31B6-DC4175D0A13D}.Debug|Any CPU.Build.0 = Debug|Any CPU
		{11395FA6-2403-93CF-31B6-DC4175D0A13D}.Release|Any CPU.ActiveCfg = Release|Any CPU
		{11395FA6-2403-93CF-31B6-DC4175D0A13D}.Release|Any CPU.Build.0 = Release|Any CPU
		{6C74E357-EC56-AF17-985B-31CB0FCEC337}.Debug|Any CPU.ActiveCfg = Debug|Any CPU
		{6C74E357-EC56-AF17-985B-31CB0FCEC337}.Debug|Any CPU.Build.0 = Debug|Any CPU
		{6C74E357-EC56-AF17-985B-31CB0FCEC337}.Release|Any CPU.ActiveCfg = Release|Any CPU
		{6C74E357-EC56-AF17-985B-31CB0FCEC337}.Release|Any CPU.Build.0 = Release|Any CPU
		{F9398443-B30A-9A5E-0981-6949F0799A03}.Debug|Any CPU.ActiveCfg = Debug|Any CPU
		{F9398443-B30A-9A5E-0981-6949F0799A03}.Debug|Any CPU.Build.0 = Debug|Any CPU
		{F9398443-B30A-9A5E-0981-6949F0799A03}.Release|Any CPU.ActiveCfg = Release|Any CPU
		{F9398443-B30A-9A5E-0981-6949F0799A03}.Release|Any CPU.Build.0 = Release|Any CPU
		{0C162EBC-CB9B-CB4B-EA4A-11210F82F2DB}.Debug|Any CPU.ActiveCfg = Debug|Any CPU
		{0C162EBC-CB9B-CB4B-EA4A-11210F82F2DB}.Debug|Any CPU.Build.0 = Debug|Any CPU
		{0C162EBC-CB9B-CB4B-EA4A-11210F82F2DB}.Release|Any CPU.ActiveCfg = Release|Any CPU
		{0C162EBC-CB9B-CB4B-EA4A-11210F82F2DB}.Release|Any CPU.Build.0 = Release|Any CPU
		{FEBFE5AB-678D-FFDE-3B5A-0A8663615737}.Debug|Any CPU.ActiveCfg = Debug|Any CPU
		{FEBFE5AB-678D-FFDE-3B5A-0A8663615737}.Debug|Any CPU.Build.0 = Debug|Any CPU
		{FEBFE5AB-678D-FFDE-3B5A-0A8663615737}.Release|Any CPU.ActiveCfg = Release|Any CPU
		{FEBFE5AB-678D-FFDE-3B5A-0A8663615737}.Release|Any CPU.Build.0 = Release|Any CPU
		{B81513A0-2F26-FF0F-8419-BF655AD42867}.Debug|Any CPU.ActiveCfg = Debug|Any CPU
		{B81513A0-2F26-FF0F-8419-BF655AD42867}.Debug|Any CPU.Build.0 = Debug|Any CPU
		{B81513A0-2F26-FF0F-8419-BF655AD42867}.Release|Any CPU.ActiveCfg = Release|Any CPU
		{B81513A0-2F26-FF0F-8419-BF655AD42867}.Release|Any CPU.Build.0 = Release|Any CPU
	EndGlobalSection
	GlobalSection(SolutionProperties) = preSolution
		HideSolutionNode = FALSE
	EndGlobalSection
	GlobalSection(ExtensibilityGlobals) = postSolution
		SolutionGuid = {D5A3D049-33DE-4BAB-A6AA-FA87C21ED7EB}
	EndGlobalSection
EndGlobal
